
Microsoft Visual Studio Solution File, Format Version 12.00
# Visual Studio Version 16
VisualStudioVersion = 16.0.29411.108
MinimumVisualStudioVersion = 10.0.40219.1
Project("{FAE04EC0-301F-11D3-BF4B-00C04F79EFBC}") = "WaniKaniDiscordProgressBot", "WaniKaniDiscordProgressBot.csproj", "{B3846E21-F0DA-4D1C-BBDF-237FF4D9BCCC}"
EndProject
Global
	GlobalSection(SolutionConfigurationPlatforms) = preSolution
		Debug|Any CPU = Debug|Any CPU
		Release|Any CPU = Release|Any CPU
	EndGlobalSection
	GlobalSection(ProjectConfigurationPlatforms) = postSolution
		{B3846E21-F0DA-4D1C-BBDF-237FF4D9BCCC}.Debug|Any CPU.ActiveCfg = Debug|Any CPU
		{B3846E21-F0DA-4D1C-BBDF-237FF4D9BCCC}.Debug|Any CPU.Build.0 = Debug|Any CPU
		{B3846E21-F0DA-4D1C-BBDF-237FF4D9BCCC}.Release|Any CPU.ActiveCfg = Release|Any CPU
		{B3846E21-F0DA-4D1C-BBDF-237FF4D9BCCC}.Release|Any CPU.Build.0 = Release|Any CPU
	EndGlobalSection
	GlobalSection(SolutionProperties) = preSolution
		HideSolutionNode = FALSE
	EndGlobalSection
	GlobalSection(ExtensibilityGlobals) = postSolution
		SolutionGuid = {2AA03E17-0C82-4405-896E-C9B553FE141B}
	EndGlobalSection
EndGlobal
